
Microsoft Visual Studio Solution File, Format Version 12.00
# Visual Studio Version 17
VisualStudioVersion = 17.5.33530.505
MinimumVisualStudioVersion = 10.0.40219.1
Project("{FAE04EC0-301F-11D3-BF4B-00C04F79EFBC}") = "ManipulaçãoArquivos1", "ManipulaçãoArquivos1.csproj", "{9C9853E1-12FA-4447-82BC-7CB3BF2B9420}"
EndProject
Global
	GlobalSection(SolutionConfigurationPlatforms) = preSolution
		Debug|Any CPU = Debug|Any CPU
		Release|Any CPU = Release|Any CPU
	EndGlobalSection
	GlobalSection(ProjectConfigurationPlatforms) = postSolution
		{9C9853E1-12FA-4447-82BC-7CB3BF2B9420}.Debug|Any CPU.ActiveCfg = Debug|Any CPU
		{9C9853E1-12FA-4447-82BC-7CB3BF2B9420}.Debug|Any CPU.Build.0 = Debug|Any CPU
		{9C9853E1-12FA-4447-82BC-7CB3BF2B9420}.Release|Any CPU.ActiveCfg = Release|Any CPU
		{9C9853E1-12FA-4447-82BC-7CB3BF2B9420}.Release|Any CPU.Build.0 = Release|Any CPU
	EndGlobalSection
	GlobalSection(SolutionProperties) = preSolution
		HideSolutionNode = FALSE
	EndGlobalSection
	GlobalSection(ExtensibilityGlobals) = postSolution
		SolutionGuid = {E880556D-1082-4411-B857-DCA197488AD0}
	EndGlobalSection
EndGlobal
